// !$*UTF8*$!
{
	archiveVersion = 1;
	classes = {
	};
	objectVersion = 48;
	objects = {

/* Begin PBXBuildFile section */
		2AA5086C2203F45B00CF4BD6 /* AppDelegate.m in Sources */ = {isa = PBXBuildFile; fileRef = 2AA5086B2203F45B00CF4BD6 /* AppDelegate.m */; };
		2AA5086F2203F45B00CF4BD6 /* ViewController.m in Sources */ = {isa = PBXBuildFile; fileRef = 2AA5086E2203F45B00CF4BD6 /* ViewController.m */; };
		2AA508722203F45B00CF4BD6 /* Main.storyboard in Resources */ = {isa = PBXBuildFile; fileRef = 2AA508702203F45B00CF4BD6 /* Main.storyboard */; };
		2AA508742203F45C00CF4BD6 /* Assets.xcassets in Resources */ = {isa = PBXBuildFile; fileRef = 2AA508732203F45C00CF4BD6 /* Assets.xcassets */; };
		2AA508772203F45C00CF4BD6 /* LaunchScreen.storyboard in Resources */ = {isa = PBXBuildFile; fileRef = 2AA508752203F45C00CF4BD6 /* LaunchScreen.storyboard */; };
		2AA5087A2203F45C00CF4BD6 /* main.m in Sources */ = {isa = PBXBuildFile; fileRef = 2AA508792203F45C00CF4BD6 /* main.m */; };
		2AA508832203F79B00CF4BD6 /* AViewController.m in Sources */ = {isa = PBXBuildFile; fileRef = 2AA508812203F79B00CF4BD6 /* AViewController.m */; };
		2AA508842203F79B00CF4BD6 /* AViewController.xib in Resources */ = {isa = PBXBuildFile; fileRef = 2AA508822203F79B00CF4BD6 /* AViewController.xib */; };
/* End PBXBuildFile section */

/* Begin PBXFileReference section */
		2AA508672203F45B00CF4BD6 /* BizA.app */ = {isa = PBXFileReference; explicitFileType = wrapper.application; includeInIndex = 0; path = BizA.app; sourceTree = BUILT_PRODUCTS_DIR; };
		2AA5086A2203F45B00CF4BD6 /* AppDelegate.h */ = {isa = PBXFileReference; lastKnownFileType = sourcecode.c.h; path = AppDelegate.h; sourceTree = "<group>"; };
		2AA5086B2203F45B00CF4BD6 /* AppDelegate.m */ = {isa = PBXFileReference; lastKnownFileType = sourcecode.c.objc; path = AppDelegate.m; sourceTree = "<group>"; };
		2AA5086D2203F45B00CF4BD6 /* ViewController.h */ = {isa = PBXFileReference; lastKnownFileType = sourcecode.c.h; path = ViewController.h; sourceTree = "<group>"; };
		2AA5086E2203F45B00CF4BD6 /* ViewController.m */ = {isa = PBXFileReference; lastKnownFileType = sourcecode.c.objc; path = ViewController.m; sourceTree = "<group>"; };
		2AA508712203F45B00CF4BD6 /* Base */ = {isa = PBXFileReference; lastKnownFileType = file.storyboard; name = Base; path = Base.lproj/Main.storyboard; sourceTree = "<group>"; };
		2AA508732203F45C00CF4BD6 /* Assets.xcassets */ = {isa = PBXFileReference; lastKnownFileType = folder.assetcatalog; path = Assets.xcassets; sourceTree = "<group>"; };
		2AA508762203F45C00CF4BD6 /* Base */ = {isa = PBXFileReference; lastKnownFileType = file.storyboard; name = Base; path = Base.lproj/LaunchScreen.storyboard; sourceTree = "<group>"; };
		2AA508782203F45C00CF4BD6 /* Info.plist */ = {isa = PBXFileReference; lastKnownFileType = text.plist.xml; path = Info.plist; sourceTree = "<group>"; };
		2AA508792203F45C00CF4BD6 /* main.m */ = {isa = PBXFileReference; lastKnownFileType = sourcecode.c.objc; path = main.m; sourceTree = "<group>"; };
		2AA508802203F79B00CF4BD6 /* AViewController.h */ = {isa = PBXFileReference; fileEncoding = 4; lastKnownFileType = sourcecode.c.h; path = AViewController.h; sourceTree = "<group>"; };
		2AA508812203F79B00CF4BD6 /* AViewController.m */ = {isa = PBXFileReference; fileEncoding = 4; lastKnownFileType = sourcecode.c.objc; path = AViewController.m; sourceTree = "<group>"; };
		2AA508822203F79B00CF4BD6 /* AViewController.xib */ = {isa = PBXFileReference; fileEncoding = 4; lastKnownFileType = file.xib; path = AViewController.xib; sourceTree = "<group>"; };
/* End PBXFileReference section */

/* Begin PBXFrameworksBuildPhase section */
		2AA508642203F45B00CF4BD6 /* Frameworks */ = {
			isa = PBXFrameworksBuildPhase;
			buildActionMask = 2147483647;
			files = (
			);
			runOnlyForDeploymentPostprocessing = 0;
		};
/* End PBXFrameworksBuildPhase section */

/* Begin PBXGroup section */
		2AA5085E2203F45B00CF4BD6 = {
			isa = PBXGroup;
			children = (
				2AA508692203F45B00CF4BD6 /* BizA */,
				2AA508682203F45B00CF4BD6 /* Products */,
			);
			sourceTree = "<group>";
		};
		2AA508682203F45B00CF4BD6 /* Products */ = {
			isa = PBXGroup;
			children = (
				2AA508672203F45B00CF4BD6 /* BizA.app */,
			);
			name = Products;
			sourceTree = "<group>";
		};
		2AA508692203F45B00CF4BD6 /* BizA */ = {
			isa = PBXGroup;
			children = (
				2AA5086A2203F45B00CF4BD6 /* AppDelegate.h */,
				2AA5086B2203F45B00CF4BD6 /* AppDelegate.m */,
				2AA5086D2203F45B00CF4BD6 /* ViewController.h */,
				2AA5086E2203F45B00CF4BD6 /* ViewController.m */,
				2AA508802203F79B00CF4BD6 /* AViewController.h */,
				2AA508812203F79B00CF4BD6 /* AViewController.m */,
				2AA508822203F79B00CF4BD6 /* AViewController.xib */,
				2AA508702203F45B00CF4BD6 /* Main.storyboard */,
				2AA508732203F45C00CF4BD6 /* Assets.xcassets */,
				2AA508752203F45C00CF4BD6 /* LaunchScreen.storyboard */,
				2AA508782203F45C00CF4BD6 /* Info.plist */,
				2AA508792203F45C00CF4BD6 /* main.m */,
			);
			path = BizA;
			sourceTree = "<group>";
		};
/* End PBXGroup section */

/* Begin PBXNativeTarget section */
		2AA508662203F45B00CF4BD6 /* BizA */ = {
			isa = PBXNativeTarget;
			buildConfigurationList = 2AA5087D2203F45C00CF4BD6 /* Build configuration list for PBXNativeTarget "BizA" */;
			buildPhases = (
				2AA508632203F45B00CF4BD6 /* Sources */,
				2AA508642203F45B00CF4BD6 /* Frameworks */,
				2AA508652203F45B00CF4BD6 /* Resources */,
			);
			buildRules = (
			);
			dependencies = (
			);
			name = BizA;
			productName = BizA;
			productReference = 2AA508672203F45B00CF4BD6 /* BizA.app */;
			productType = "com.apple.product-type.application";
		};
/* End PBXNativeTarget section */

/* Begin PBXProject section */
		2AA5085F2203F45B00CF4BD6 /* Project object */ = {
			isa = PBXProject;
			attributes = {
				LastUpgradeCheck = 1010;
				ORGANIZATIONNAME = MJHF;
				TargetAttributes = {
					2AA508662203F45B00CF4BD6 = {
						CreatedOnToolsVersion = 10.1;
						ProvisioningStyle = Automatic;
					};
				};
			};
			buildConfigurationList = 2AA508622203F45B00CF4BD6 /* Build configuration list for PBXProject "BizA" */;
			compatibilityVersion = "Xcode 8.0";
			developmentRegion = en;
			hasScannedForEncodings = 0;
			knownRegions = (
				en,
				Base,
			);
			mainGroup = 2AA5085E2203F45B00CF4BD6;
			productRefGroup = 2AA508682203F45B00CF4BD6 /* Products */;
			projectDirPath = "";
			projectRoot = "";
			targets = (
				2AA508662203F45B00CF4BD6 /* BizA */,
			);
		};
/* End PBXProject section */

/* Begin PBXResourcesBuildPhase section */
		2AA508652203F45B00CF4BD6 /* Resources */ = {
			isa = PBXResourcesBuildPhase;
			buildActionMask = 2147483647;
			files = (
				2AA508842203F79B00CF4BD6 /* AViewController.xib in Resources */,
				2AA508772203F45C00CF4BD6 /* LaunchScreen.storyboard in Resources */,
				2AA508742203F45C00CF4BD6 /* Assets.xcassets in Resources */,
				2AA508722203F45B00CF4BD6 /* Main.storyboard in Resources */,
			);
			runOnlyForDeploymentPostprocessing = 0;
		};
/* End PBXResourcesBuildPhase section */

/* Begin PBXSourcesBuildPhase section */
		2AA508632203F45B00CF4BD6 /* Sources */ = {
			isa = PBXSourcesBuildPhase;
			buildActionMask = 2147483647;
			files = (
				2AA508832203F79B00CF4BD6 /* AViewController.m in Sources */,
				2AA5086F2203F45B00CF4BD6 /* ViewController.m in Sources */,
				2AA5087A2203F45C00CF4BD6 /* main.m in Sources */,
				2AA5086C2203F45B00CF4BD6 /* AppDelegate.m in Sources */,
			);
			runOnlyForDeploymentPostprocessing = 0;
		};
/* End PBXSourcesBuildPhase section */

/* Begin PBXVariantGroup section */
		2AA508702203F45B00CF4BD6 /* Main.storyboard */ = {
			isa = PBXVariantGroup;
			children = (
				2AA508712203F45B00CF4BD6 /* Base */,
			);
			name = Main.storyboard;
			sourceTree = "<group>";
		};
		2AA508752203F45C00CF4BD6 /* LaunchScreen.storyboard */ = {
			isa = PBXVariantGroup;
			children = (
				2AA508762203F45C00CF4BD6 /* Base */,
			);
			name = LaunchScreen.storyboard;
			sourceTree = "<group>";
		};
/* End PBXVariantGroup section */

/* Begin XCBuildConfiguration section */
		2AA5087B2203F45C00CF4BD6 /* Debug */ = {
			isa = XCBuildConfiguration;
			buildSettings = {
				ALWAYS_SEARCH_USER_PATHS = NO;
				CLANG_ANALYZER_NONNULL = YES;
				CLANG_ANALYZER_NUMBER_OBJECT_CONVERSION = YES_AGGRESSIVE;
				CLANG_CXX_LANGUAGE_STANDARD = "gnu++14";
				CLANG_CXX_LIBRARY = "libc++";
				CLANG_ENABLE_MODULES = YES;
				CLANG_ENABLE_OBJC_ARC = YES;
				CLANG_ENABLE_OBJC_WEAK = YES;
				CLANG_WARN_BLOCK_CAPTURE_AUTORELEASING = YES;
				CLANG_WARN_BOOL_CONVERSION = YES;
				CLANG_WARN_COMMA = YES;
				CLANG_WARN_CONSTANT_CONVERSION = YES;
				CLANG_WARN_DEPRECATED_OBJC_IMPLEMENTATIONS = YES;
				CLANG_WARN_DIRECT_OBJC_ISA_USAGE = YES_ERROR;
				CLANG_WARN_DOCUMENTATION_COMMENTS = YES;
				CLANG_WARN_EMPTY_BODY = YES;
				CLANG_WARN_ENUM_CONVERSION = YES;
				CLANG_WARN_INFINITE_RECURSION = YES;
				CLANG_WARN_INT_CONVERSION = YES;
				CLANG_WARN_NON_LITERAL_NULL_CONVERSION = YES;
				CLANG_WARN_OBJC_IMPLICIT_RETAIN_SELF = YES;
				CLANG_WARN_OBJC_LITERAL_CONVERSION = YES;
				CLANG_WARN_OBJC_ROOT_CLASS = YES_ERROR;
				CLANG_WARN_RANGE_LOOP_ANALYSIS = YES;
				CLANG_WARN_STRICT_PROTOTYPES = YES;
				CLANG_WARN_SUSPICIOUS_MOVE = YES;
				CLANG_WARN_UNGUARDED_AVAILABILITY = YES_AGGRESSIVE;
				CLANG_WARN_UNREACHABLE_CODE = YES;
				CLANG_WARN__DUPLICATE_METHOD_MATCH = YES;
				CODE_SIGN_IDENTITY = "iPhone Developer";
				COPY_PHASE_STRIP = NO;
				DEBUG_INFORMATION_FORMAT = dwarf;
				ENABLE_STRICT_OBJC_MSGSEND = YES;
				ENABLE_TESTABILITY = YES;
				GCC_C_LANGUAGE_STANDARD = gnu11;
				GCC_DYNAMIC_NO_PIC = NO;
				GCC_NO_COMMON_BLOCKS = YES;
				GCC_OPTIMIZATION_LEVEL = 0;
				GCC_PREPROCESSOR_DEFINITIONS = (
					"DEBUG=1",
					"$(inherited)",
				);
				GCC_WARN_64_TO_32_BIT_CONVERSION = YES;
				GCC_WARN_ABOUT_RETURN_TYPE = YES_ERROR;
				GCC_WARN_UNDECLARED_SELECTOR = YES;
				GCC_WARN_UNINITIALIZED_AUTOS = YES_AGGRESSIVE;
				GCC_WARN_UNUSED_FUNCTION = YES;
				GCC_WARN_UNUSED_VARIABLE = YES;
				IPHONEOS_DEPLOYMENT_TARGET = 12.1;
				MTL_ENABLE_DEBUG_INFO = INCLUDE_SOURCE;
				MTL_FAST_MATH = YES;
				ONLY_ACTIVE_ARCH = YES;
				SDKROOT = iphoneos;
			};
			name = Debug;
		};
		2AA5087C2203F45C00CF4BD6 /* Release */ = {
			isa = XCBuildConfiguration;
			buildSettings = {
				ALWAYS_SEARCH_USER_PATHS = NO;
				CLANG_ANALYZER_NONNULL = YES;
				CLANG_ANALYZER_NUMBER_OBJECT_CONVERSION = YES_AGGRESSIVE;
				CLANG_CXX_LANGUAGE_STANDARD = "gnu++14";
				CLANG_CXX_LIBRARY = "libc++";
				CLANG_ENABLE_MODULES = YES;
				CLANG_ENABLE_OBJC_ARC = YES;
				CLANG_ENABLE_OBJC_WEAK = YES;
				CLANG_WARN_BLOCK_CAPTURE_AUTORELEASING = YES;
				CLANG_WARN_BOOL_CONVERSION = YES;
				CLANG_WARN_COMMA = YES;
				CLANG_WARN_CONSTANT_CONVERSION = YES;
				CLANG_WARN_DEPRECATED_OBJC_IMPLEMENTATIONS = YES;
				CLANG_WARN_DIRECT_OBJC_ISA_USAGE = YES_ERROR;
				CLANG_WARN_DOCUMENTATION_COMMENTS = YES;
				CLANG_WARN_EMPTY_BODY = YES;
				CLANG_WARN_ENUM_CONVERSION = YES;
				CLANG_WARN_INFINITE_RECURSION = YES;
				CLANG_WARN_INT_CONVERSION = YES;
				CLANG_WARN_NON_LITERAL_NULL_CONVERSION = YES;
				CLANG_WARN_OBJC_IMPLICIT_RETAIN_SELF = YES;
				CLANG_WARN_OBJC_LITERAL_CONVERSION = YES;
				CLANG_WARN_OBJC_ROOT_CLASS = YES_ERROR;
				CLANG_WARN_RANGE_LOOP_ANALYSIS = YES;
				CLANG_WARN_STRICT_PROTOTYPES = YES;
				CLANG_WARN_SUSPICIOUS_MOVE = YES;
				CLANG_WARN_UNGUARDED_AVAILABILITY = YES_AGGRESSIVE;
				CLANG_WARN_UNREACHABLE_CODE = YES;
				CLANG_WARN__DUPLICATE_METHOD_MATCH = YES;
				CODE_SIGN_IDENTITY = "iPhone Developer";
				COPY_PHASE_STRIP = NO;
				DEBUG_INFORMATION_FORMAT = "dwarf-with-dsym";
				ENABLE_NS_ASSERTIONS = NO;
				ENABLE_STRICT_OBJC_MSGSEND = YES;
				GCC_C_LANGUAGE_STANDARD = gnu11;
				GCC_NO_COMMON_BLOCKS = YES;
				GCC_WARN_64_TO_32_BIT_CONVERSION = YES;
				GCC_WARN_ABOUT_RETURN_TYPE = YES_ERROR;
				GCC_WARN_UNDECLARED_SELECTOR = YES;
				GCC_WARN_UNINITIALIZED_AUTOS = YES_AGGRESSIVE;
				GCC_WARN_UNUSED_FUNCTION = YES;
				GCC_WARN_UNUSED_VARIABLE = YES;
				IPHONEOS_DEPLOYMENT_TARGET = 12.1;
				MTL_ENABLE_DEBUG_INFO = NO;
				MTL_FAST_MATH = YES;
				SDKROOT = iphoneos;
				VALIDATE_PRODUCT = YES;
			};
			name = Release;
		};
		2AA5087E2203F45C00CF4BD6 /* Debug */ = {
			isa = XCBuildConfiguration;
			buildSettings = {
				ASSETCATALOG_COMPILER_APPICON_NAME = AppIcon;
				CODE_SIGN_STYLE = Automatic;
				DEVELOPMENT_TEAM = Y68G5C7724;
				INFOPLIST_FILE = BizA/Info.plist;
				LD_RUNPATH_SEARCH_PATHS = "$(inherited) @executable_path/Frameworks";
				PRODUCT_BUNDLE_IDENTIFIER = com.huajiao.ModulizationTest.BizA;
				PRODUCT_NAME = "$(TARGET_NAME)";
				TARGETED_DEVICE_FAMILY = "1,2";
			};
			name = Debug;
		};
		2AA5087F2203F45C00CF4BD6 /* Release */ = {
			isa = XCBuildConfiguration;
			buildSettings = {
				ASSETCATALOG_COMPILER_APPICON_NAME = AppIcon;
				CODE_SIGN_STYLE = Automatic;
				DEVELOPMENT_TEAM = Y68G5C7724;
				INFOPLIST_FILE = BizA/Info.plist;
				LD_RUNPATH_SEARCH_PATHS = "$(inherited) @executable_path/Frameworks";
				PRODUCT_BUNDLE_IDENTIFIER = com.huajiao.ModulizationTest.BizA;
				PRODUCT_NAME = "$(TARGET_NAME)";
				TARGETED_DEVICE_FAMILY = "1,2";
			};
			name = Release;
		};
/* End XCBuildConfiguration section */

/* Begin XCConfigurationList section */
		2AA508622203F45B00CF4BD6 /* Build configuration list for PBXProject "BizA" */ = {
			isa = XCConfigurationList;
			buildConfigurations = (
				2AA5087B2203F45C00CF4BD6 /* Debug */,
				2AA5087C2203F45C00CF4BD6 /* Release */,
			);
			defaultConfigurationIsVisible = 0;
			defaultConfigurationName = Release;
		};
		2AA5087D2203F45C00CF4BD6 /* Build configuration list for PBXNativeTarget "BizA" */ = {
			isa = XCConfigurationList;
			buildConfigurations = (
				2AA5087E2203F45C00CF4BD6 /* Debug */,
				2AA5087F2203F45C00CF4BD6 /* Release */,
			);
			defaultConfigurationIsVisible = 0;
			defaultConfigurationName = Release;
		};
/* End XCConfigurationList section */
	};
	rootObject = 2AA5085F2203F45B00CF4BD6 /* Project object */;
}
